
Microsoft Visual Studio Solution File, Format Version 12.00
# Visual Studio Version 17
VisualStudioVersion = 17.9.34728.123
MinimumVisualStudioVersion = 10.0.40219.1
Project("{888888A0-9F3D-457C-B088-3A5042F75D52}") = "module_3_2", "module_3_2.pyproj", "{CA8B196F-A6E6-4E6A-8550-A65BE00FAD13}"
EndProject
Global
	GlobalSection(SolutionConfigurationPlatforms) = preSolution
		Debug|Any CPU = Debug|Any CPU
		Release|Any CPU = Release|Any CPU
	EndGlobalSection
	GlobalSection(ProjectConfigurationPlatforms) = postSolution
		{CA8B196F-A6E6-4E6A-8550-A65BE00FAD13}.Debug|Any CPU.ActiveCfg = Debug|Any CPU
		{CA8B196F-A6E6-4E6A-8550-A65BE00FAD13}.Release|Any CPU.ActiveCfg = Release|Any CPU
	EndGlobalSection
	GlobalSection(SolutionProperties) = preSolution
		HideSolutionNode = FALSE
	EndGlobalSection
	GlobalSection(ExtensibilityGlobals) = postSolution
		SolutionGuid = {76D54540-08B6-4019-9343-E2A9FB7A3941}
	EndGlobalSection
EndGlobal
